Microsoft Visual Studio Solution File, Format Version 12.00
# Visual Studio 2012
Project("{FAE04EC0-301F-11D3-BF4B-00C04F79EFBC}") = "Journey to Oasis", "Journey to Oasis.csproj", "{06256B59-0E5E-43A6-9569-F946433FE462}"
EndProject
Global
	GlobalSection(SolutionConfigurationPlatforms) = preSolution
	Debug|Any CPU = Debug|Any CPU
	ExportDebug|Any CPU = ExportDebug|Any CPU
	ExportRelease|Any CPU = ExportRelease|Any CPU
	EndGlobalSection
	GlobalSection(ProjectConfigurationPlatforms) = postSolution
		{06256B59-0E5E-43A6-9569-F946433FE462}.Debug|Any CPU.ActiveCfg = Debug|Any CPU
		{06256B59-0E5E-43A6-9569-F946433FE462}.Debug|Any CPU.Build.0 = Debug|Any CPU
		{06256B59-0E5E-43A6-9569-F946433FE462}.ExportDebug|Any CPU.ActiveCfg = ExportDebug|Any CPU
		{06256B59-0E5E-43A6-9569-F946433FE462}.ExportDebug|Any CPU.Build.0 = ExportDebug|Any CPU
		{06256B59-0E5E-43A6-9569-F946433FE462}.ExportRelease|Any CPU.ActiveCfg = ExportRelease|Any CPU
		{06256B59-0E5E-43A6-9569-F946433FE462}.ExportRelease|Any CPU.Build.0 = ExportRelease|Any CPU
	EndGlobalSection
EndGlobal
